
Microsoft Visual Studio Solution File, Format Version 12.00
# Visual Studio Version 16
VisualStudioVersion = 16.0.30413.136
MinimumVisualStudioVersion = 10.0.40219.1
Project("{FAE04EC0-301F-11D3-BF4B-00C04F79EFBC}") = "MySpace", "Kyrsovaiy\MySpace.csproj", "{4ECD7FF6-7A0B-44C7-9262-7F67421FA8F9}"
EndProject
Global
	GlobalSection(SolutionConfigurationPlatforms) = preSolution
		Debug|Any CPU = Debug|Any CPU
		Release|Any CPU = Release|Any CPU
	EndGlobalSection
	GlobalSection(ProjectConfigurationPlatforms) = postSolution
		{4ECD7FF6-7A0B-44C7-9262-7F67421FA8F9}.Debug|Any CPU.ActiveCfg = Debug|Any CPU
		{4ECD7FF6-7A0B-44C7-9262-7F67421FA8F9}.Debug|Any CPU.Build.0 = Debug|Any CPU
		{4ECD7FF6-7A0B-44C7-9262-7F67421FA8F9}.Release|Any CPU.ActiveCfg = Release|Any CPU
		{4ECD7FF6-7A0B-44C7-9262-7F67421FA8F9}.Release|Any CPU.Build.0 = Release|Any CPU
	EndGlobalSection
	GlobalSection(SolutionProperties) = preSolution
		HideSolutionNode = FALSE
	EndGlobalSection
	GlobalSection(ExtensibilityGlobals) = postSolution
		SolutionGuid = {C6FB191D-6FBE-4BCA-A97F-11D2E1BA9737}
	EndGlobalSection
EndGlobal
